{
    "_meta": {
        "hash": {
            "sha256": "a0a38a5ad822cdae564cb90d48f250a00fc297d6e2decdf53d931af18082abae"
        },
        "pipfile-spec": 6,
        "requires": {
            "python_version": "3.7"
        },
        "sources": [
            {
                "name": "pypi",
                "url": "https://pypi.python.org/simple",
                "verify_ssl": true
            }
        ]
    },
    "default": {
        "change-case": {
            "hashes": [
                "sha256:6096ac5c888ec0baa1d5a1ba10e2a8e0e431a8fd586bb78f18f4a32eb1e063d9"
            ],
            "index": "pypi",
            "version": "==0.5.2"
        },
        "iso8601": {
            "hashes": [
                "sha256:210e0134677cc0d02f6028087fee1df1e1d76d372ee1db0bf30bf66c5c1c89a3",
                "sha256:49c4b20e1f38aa5cf109ddcd39647ac419f928512c869dc01d5c7098eddede82",
                "sha256:bbbae5fb4a7abfe71d4688fd64bff70b91bbd74ef6a99d964bab18f7fdf286dd"
            ],
            "index": "pypi",
            "version": "==0.1.12"
        }
    },
    "develop": {}
}
